
Microsoft Visual Studio Solution File, Format Version 12.00
# Visual Studio Version 17
VisualStudioVersion = 17.10.34916.146
MinimumVisualStudioVersion = 10.0.40219.1
Project("{FAE04EC0-301F-11D3-BF4B-00C04F79EFBC}") = "Domain", "Domain\Domain.csproj", "{A3054944-2D9D-49F8-9871-A5F3377103F4}"
EndProject
Project("{FAE04EC0-301F-11D3-BF4B-00C04F79EFBC}") = "UnitTests", "UnitTests\UnitTests.csproj", "{CBC11494-FCA2-48A8-90D6-BC7523859CF7}"
EndProject
Global
	GlobalSection(SolutionConfigurationPlatforms) = preSolution
		Debug|Any CPU = Debug|Any CPU
		Release|Any CPU = Release|Any CPU
	EndGlobalSection
	GlobalSection(ProjectConfigurationPlatforms) = postSolution
		{A3054944-2D9D-49F8-9871-A5F3377103F4}.Debug|Any CPU.ActiveCfg = Debug|Any CPU
		{A3054944-2D9D-49F8-9871-A5F3377103F4}.Debug|Any CPU.Build.0 = Debug|Any CPU
		{A3054944-2D9D-49F8-9871-A5F3377103F4}.Release|Any CPU.ActiveCfg = Release|Any CPU
		{A3054944-2D9D-49F8-9871-A5F3377103F4}.Release|Any CPU.Build.0 = Release|Any CPU
		{CBC11494-FCA2-48A8-90D6-BC7523859CF7}.Debug|Any CPU.ActiveCfg = Debug|Any CPU
		{CBC11494-FCA2-48A8-90D6-BC7523859CF7}.Debug|Any CPU.Build.0 = Debug|Any CPU
		{CBC11494-FCA2-48A8-90D6-BC7523859CF7}.Release|Any CPU.ActiveCfg = Release|Any CPU
		{CBC11494-FCA2-48A8-90D6-BC7523859CF7}.Release|Any CPU.Build.0 = Release|Any CPU
	EndGlobalSection
	GlobalSection(SolutionProperties) = preSolution
		HideSolutionNode = FALSE
	EndGlobalSection
	GlobalSection(ExtensibilityGlobals) = postSolution
		SolutionGuid = {C40287A1-2451-42BD-9DE7-EF1B844C8DE0}
	EndGlobalSection
EndGlobal
